// !$*UTF8*$!
{
	archiveVersion = 1;
	classes = {
	};
	objectVersion = 46;
	objects = {

/* Begin PBXBuildFile section */
		50583E0917235C1D0054BEBB /* UIKit.framework in Frameworks */ = {isa = PBXBuildFile; fileRef = 50583E0817235C1D0054BEBB /* UIKit.framework */; };
		50583E0B17235C1D0054BEBB /* Foundation.framework in Frameworks */ = {isa = PBXBuildFile; fileRef = 50583E0A17235C1D0054BEBB /* Foundation.framework */; };
		50583E0D17235C1D0054BEBB /* CoreGraphics.framework in Frameworks */ = {isa = PBXBuildFile; fileRef = 50583E0C17235C1D0054BEBB /* CoreGraphics.framework */; };
		50583E1317235C1D0054BEBB /* InfoPlist.strings in Resources */ = {isa = PBXBuildFile; fileRef = 50583E1117235C1D0054BEBB /* InfoPlist.strings */; };
		50583E1517235C1D0054BEBB /* main.m in Sources */ = {isa = PBXBuildFile; fileRef = 50583E1417235C1D0054BEBB /* main.m */; };
		50583E1917235C1D0054BEBB /* HKAppDelegate.m in Sources */ = {isa = PBXBuildFile; fileRef = 50583E1817235C1D0054BEBB /* HKAppDelegate.m */; };
		50583E1B17235C1D0054BEBB /* Default.png in Resources */ = {isa = PBXBuildFile; fileRef = 50583E1A17235C1D0054BEBB /* Default.png */; };
		50583E1D17235C1D0054BEBB /* Default@2x.png in Resources */ = {isa = PBXBuildFile; fileRef = 50583E1C17235C1D0054BEBB /* Default@2x.png */; };
		50583E1F17235C1D0054BEBB /* Default-568h@2x.png in Resources */ = {isa = PBXBuildFile; fileRef = 50583E1E17235C1D0054BEBB /* Default-568h@2x.png */; };
		50583E2217235C1D0054BEBB /* HKViewController.m in Sources */ = {isa = PBXBuildFile; fileRef = 50583E2117235C1D0054BEBB /* HKViewController.m */; };
		50583E2D172360D60054BEBB /* HKRadialMenuView.m in Sources */ = {isa = PBXBuildFile; fileRef = 50583E2C172360D60054BEBB /* HKRadialMenuView.m */; };
		50583E33172388B30054BEBB /* HKRadialMenuViewController.m in Sources */ = {isa = PBXBuildFile; fileRef = 50583E32172388B30054BEBB /* HKRadialMenuViewController.m */; };
		509F86D517255566001F4F63 /* UIView+Resizing.m in Sources */ = {isa = PBXBuildFile; fileRef = 509F86D417255566001F4F63 /* UIView+Resizing.m */; };
		50B882971724EB2C000C15E6 /* HKRadialMenuItemView.m in Sources */ = {isa = PBXBuildFile; fileRef = 50B882961724EB2C000C15E6 /* HKRadialMenuItemView.m */; };
		50C14B7A17268DB400834012 /* HKAnimatedRadialMenuItemView.m in Sources */ = {isa = PBXBuildFile; fileRef = 50C14B7917268DB400834012 /* HKAnimatedRadialMenuItemView.m */; };
/* End PBXBuildFile section */

/* Begin PBXFileReference section */
		50583E0517235C1D0054BEBB /* HKRadialMenu.app */ = {isa = PBXFileReference; explicitFileType = wrapper.application; includeInIndex = 0; path = HKRadialMenu.app; sourceTree = BUILT_PRODUCTS_DIR; };
		50583E0817235C1D0054BEBB /* UIKit.framework */ = {isa = PBXFileReference; lastKnownFileType = wrapper.framework; name = UIKit.framework; path = System/Library/Frameworks/UIKit.framework; sourceTree = SDKROOT; };
		50583E0A17235C1D0054BEBB /* Foundation.framework */ = {isa = PBXFileReference; lastKnownFileType = wrapper.framework; name = Foundation.framework; path = System/Library/Frameworks/Foundation.framework; sourceTree = SDKROOT; };
		50583E0C17235C1D0054BEBB /* CoreGraphics.framework */ = {isa = PBXFileReference; lastKnownFileType = wrapper.framework; name = CoreGraphics.framework; path = System/Library/Frameworks/CoreGraphics.framework; sourceTree = SDKROOT; };
		50583E1017235C1D0054BEBB /* HKRadialMenu-Info.plist */ = {isa = PBXFileReference; lastKnownFileType = text.plist.xml; path = "HKRadialMenu-Info.plist"; sourceTree = "<group>"; };
		50583E1217235C1D0054BEBB /* en */ = {isa = PBXFileReference; lastKnownFileType = text.plist.strings; name = en; path = en.lproj/InfoPlist.strings; sourceTree = "<group>"; };
		50583E1417235C1D0054BEBB /* main.m */ = {isa = PBXFileReference; lastKnownFileType = sourcecode.c.objc; path = main.m; sourceTree = "<group>"; };
		50583E1617235C1D0054BEBB /* HKRadialMenu-Prefix.pch */ = {isa = PBXFileReference; lastKnownFileType = sourcecode.c.h; path = "HKRadialMenu-Prefix.pch"; sourceTree = "<group>"; };
		50583E1717235C1D0054BEBB /* HKAppDelegate.h */ = {isa = PBXFileReference; lastKnownFileType = sourcecode.c.h; path = HKAppDelegate.h; sourceTree = "<group>"; };
		50583E1817235C1D0054BEBB /* HKAppDelegate.m */ = {isa = PBXFileReference; lastKnownFileType = sourcecode.c.objc; path = HKAppDelegate.m; sourceTree = "<group>"; };
		50583E1A17235C1D0054BEBB /* Default.png */ = {isa = PBXFileReference; lastKnownFileType = image.png; path = Default.png; sourceTree = "<group>"; };
		50583E1C17235C1D0054BEBB /* Default@2x.png */ = {isa = PBXFileReference; lastKnownFileType = image.png; path = "Default@2x.png"; sourceTree = "<group>"; };
		50583E1E17235C1D0054BEBB /* Default-568h@2x.png */ = {isa = PBXFileReference; lastKnownFileType = image.png; path = "Default-568h@2x.png"; sourceTree = "<group>"; };
		50583E2017235C1D0054BEBB /* HKViewController.h */ = {isa = PBXFileReference; lastKnownFileType = sourcecode.c.h; path = HKViewController.h; sourceTree = "<group>"; };
		50583E2117235C1D0054BEBB /* HKViewController.m */ = {isa = PBXFileReference; lastKnownFileType = sourcecode.c.objc; path = HKViewController.m; sourceTree = "<group>"; };
		50583E2B172360D60054BEBB /* HKRadialMenuView.h */ = {isa = PBXFileReference; fileEncoding = 4; lastKnownFileType = sourcecode.c.h; path = HKRadialMenuView.h; sourceTree = "<group>"; };
		50583E2C172360D60054BEBB /* HKRadialMenuView.m */ = {isa = PBXFileReference; fileEncoding = 4; lastKnownFileType = sourcecode.c.objc; path = HKRadialMenuView.m; sourceTree = "<group>"; };
		50583E31172388B30054BEBB /* HKRadialMenuViewController.h */ = {isa = PBXFileReference; fileEncoding = 4; lastKnownFileType = sourcecode.c.h; path = HKRadialMenuViewController.h; sourceTree = "<group>"; };
		50583E32172388B30054BEBB /* HKRadialMenuViewController.m */ = {isa = PBXFileReference; fileEncoding = 4; lastKnownFileType = sourcecode.c.objc; path = HKRadialMenuViewController.m; sourceTree = "<group>"; };
		509F86D317255566001F4F63 /* UIView+Resizing.h */ = {isa = PBXFileReference; fileEncoding = 4; lastKnownFileType = sourcecode.c.h; path = "UIView+Resizing.h"; sourceTree = "<group>"; };
		509F86D417255566001F4F63 /* UIView+Resizing.m */ = {isa = PBXFileReference; fileEncoding = 4; lastKnownFileType = sourcecode.c.objc; path = "UIView+Resizing.m"; sourceTree = "<group>"; };
		50B882951724EB2C000C15E6 /* HKRadialMenuItemView.h */ = {isa = PBXFileReference; fileEncoding = 4; lastKnownFileType = sourcecode.c.h; path = HKRadialMenuItemView.h; sourceTree = "<group>"; };
		50B882961724EB2C000C15E6 /* HKRadialMenuItemView.m */ = {isa = PBXFileReference; fileEncoding = 4; lastKnownFileType = sourcecode.c.objc; path = HKRadialMenuItemView.m; sourceTree = "<group>"; };
		50C14B7817268DB400834012 /* HKAnimatedRadialMenuItemView.h */ = {isa = PBXFileReference; fileEncoding = 4; lastKnownFileType = sourcecode.c.h; path = HKAnimatedRadialMenuItemView.h; sourceTree = "<group>"; };
		50C14B7917268DB400834012 /* HKAnimatedRadialMenuItemView.m */ = {isa = PBXFileReference; fileEncoding = 4; lastKnownFileType = sourcecode.c.objc; path = HKAnimatedRadialMenuItemView.m; sourceTree = "<group>"; };
/* End PBXFileReference section */

/* Begin PBXFrameworksBuildPhase section */
		50583E0217235C1D0054BEBB /* Frameworks */ = {
			isa = PBXFrameworksBuildPhase;
			buildActionMask = 2147483647;
			files = (
				50583E0917235C1D0054BEBB /* UIKit.framework in Frameworks */,
				50583E0B17235C1D0054BEBB /* Foundation.framework in Frameworks */,
				50583E0D17235C1D0054BEBB /* CoreGraphics.framework in Frameworks */,
			);
			runOnlyForDeploymentPostprocessing = 0;
		};
/* End PBXFrameworksBuildPhase section */

/* Begin PBXGroup section */
		50583DFC17235C1D0054BEBB = {
			isa = PBXGroup;
			children = (
				50583E0E17235C1D0054BEBB /* HKRadialMenu */,
				50583E0717235C1D0054BEBB /* Frameworks */,
				50583E0617235C1D0054BEBB /* Products */,
			);
			sourceTree = "<group>";
		};
		50583E0617235C1D0054BEBB /* Products */ = {
			isa = PBXGroup;
			children = (
				50583E0517235C1D0054BEBB /* HKRadialMenu.app */,
			);
			name = Products;
			sourceTree = "<group>";
		};
		50583E0717235C1D0054BEBB /* Frameworks */ = {
			isa = PBXGroup;
			children = (
				50583E0817235C1D0054BEBB /* UIKit.framework */,
				50583E0A17235C1D0054BEBB /* Foundation.framework */,
				50583E0C17235C1D0054BEBB /* CoreGraphics.framework */,
			);
			name = Frameworks;
			sourceTree = "<group>";
		};
		50583E0E17235C1D0054BEBB /* HKRadialMenu */ = {
			isa = PBXGroup;
			children = (
				50583E1717235C1D0054BEBB /* HKAppDelegate.h */,
				50583E1817235C1D0054BEBB /* HKAppDelegate.m */,
				50C14B7717268D9A00834012 /* Demo */,
				50583E0F17235C1D0054BEBB /* Supporting Files */,
				50C14B7517268D7800834012 /* Views */,
				50C14B7617268D8900834012 /* Extensions */,
			);
			path = HKRadialMenu;
			sourceTree = "<group>";
		};
		50583E0F17235C1D0054BEBB /* Supporting Files */ = {
			isa = PBXGroup;
			children = (
				50583E1017235C1D0054BEBB /* HKRadialMenu-Info.plist */,
				50583E1117235C1D0054BEBB /* InfoPlist.strings */,
				50583E1417235C1D0054BEBB /* main.m */,
				50583E1617235C1D0054BEBB /* HKRadialMenu-Prefix.pch */,
				50583E1A17235C1D0054BEBB /* Default.png */,
				50583E1C17235C1D0054BEBB /* Default@2x.png */,
				50583E1E17235C1D0054BEBB /* Default-568h@2x.png */,
			);
			name = "Supporting Files";
			sourceTree = "<group>";
		};
		50C14B7517268D7800834012 /* Views */ = {
			isa = PBXGroup;
			children = (
				50583E2B172360D60054BEBB /* HKRadialMenuView.h */,
				50583E2C172360D60054BEBB /* HKRadialMenuView.m */,
				50583E31172388B30054BEBB /* HKRadialMenuViewController.h */,
				50583E32172388B30054BEBB /* HKRadialMenuViewController.m */,
				50B882951724EB2C000C15E6 /* HKRadialMenuItemView.h */,
				50B882961724EB2C000C15E6 /* HKRadialMenuItemView.m */,
			);
			name = Views;
			sourceTree = "<group>";
		};
		50C14B7617268D8900834012 /* Extensions */ = {
			isa = PBXGroup;
			children = (
				509F86D317255566001F4F63 /* UIView+Resizing.h */,
				509F86D417255566001F4F63 /* UIView+Resizing.m */,
			);
			name = Extensions;
			sourceTree = "<group>";
		};
		50C14B7717268D9A00834012 /* Demo */ = {
			isa = PBXGroup;
			children = (
				50583E2017235C1D0054BEBB /* HKViewController.h */,
				50583E2117235C1D0054BEBB /* HKViewController.m */,
				50C14B7817268DB400834012 /* HKAnimatedRadialMenuItemView.h */,
				50C14B7917268DB400834012 /* HKAnimatedRadialMenuItemView.m */,
			);
			name = Demo;
			sourceTree = "<group>";
		};
/* End PBXGroup section */

/* Begin PBXNativeTarget section */
		50583E0417235C1D0054BEBB /* HKRadialMenu */ = {
			isa = PBXNativeTarget;
			buildConfigurationList = 50583E2817235C1D0054BEBB /* Build configuration list for PBXNativeTarget "HKRadialMenu" */;
			buildPhases = (
				50583E0117235C1D0054BEBB /* Sources */,
				50583E0217235C1D0054BEBB /* Frameworks */,
				50583E0317235C1D0054BEBB /* Resources */,
			);
			buildRules = (
			);
			dependencies = (
			);
			name = HKRadialMenu;
			productName = HKRadialMenu;
			productReference = 50583E0517235C1D0054BEBB /* HKRadialMenu.app */;
			productType = "com.apple.product-type.application";
		};
/* End PBXNativeTarget section */

/* Begin PBXProject section */
		50583DFD17235C1D0054BEBB /* Project object */ = {
			isa = PBXProject;
			attributes = {
				CLASSPREFIX = HK;
				LastUpgradeCheck = 0460;
				ORGANIZATIONNAME = "Panos Baroudjian";
			};
			buildConfigurationList = 50583E0017235C1D0054BEBB /* Build configuration list for PBXProject "HKRadialMenu" */;
			compatibilityVersion = "Xcode 3.2";
			developmentRegion = English;
			hasScannedForEncodings = 0;
			knownRegions = (
				en,
			);
			mainGroup = 50583DFC17235C1D0054BEBB;
			productRefGroup = 50583E0617235C1D0054BEBB /* Products */;
			projectDirPath = "";
			projectRoot = "";
			targets = (
				50583E0417235C1D0054BEBB /* HKRadialMenu */,
			);
		};
/* End PBXProject section */

/* Begin PBXResourcesBuildPhase section */
		50583E0317235C1D0054BEBB /* Resources */ = {
			isa = PBXResourcesBuildPhase;
			buildActionMask = 2147483647;
			files = (
				50583E1317235C1D0054BEBB /* InfoPlist.strings in Resources */,
				50583E1B17235C1D0054BEBB /* Default.png in Resources */,
				50583E1D17235C1D0054BEBB /* Default@2x.png in Resources */,
				50583E1F17235C1D0054BEBB /* Default-568h@2x.png in Resources */,
			);
			runOnlyForDeploymentPostprocessing = 0;
		};
/* End PBXResourcesBuildPhase section */

/* Begin PBXSourcesBuildPhase section */
		50583E0117235C1D0054BEBB /* Sources */ = {
			isa = PBXSourcesBuildPhase;
			buildActionMask = 2147483647;
			files = (
				50583E1517235C1D0054BEBB /* main.m in Sources */,
				50583E1917235C1D0054BEBB /* HKAppDelegate.m in Sources */,
				50583E2217235C1D0054BEBB /* HKViewController.m in Sources */,
				50583E2D172360D60054BEBB /* HKRadialMenuView.m in Sources */,
				50583E33172388B30054BEBB /* HKRadialMenuViewController.m in Sources */,
				50B882971724EB2C000C15E6 /* HKRadialMenuItemView.m in Sources */,
				509F86D517255566001F4F63 /* UIView+Resizing.m in Sources */,
				50C14B7A17268DB400834012 /* HKAnimatedRadialMenuItemView.m in Sources */,
			);
			runOnlyForDeploymentPostprocessing = 0;
		};
/* End PBXSourcesBuildPhase section */

/* Begin PBXVariantGroup section */
		50583E1117235C1D0054BEBB /* InfoPlist.strings */ = {
			isa = PBXVariantGroup;
			children = (
				50583E1217235C1D0054BEBB /* en */,
			);
			name = InfoPlist.strings;
			sourceTree = "<group>";
		};
/* End PBXVariantGroup section */

/* Begin XCBuildConfiguration section */
		50583E2617235C1D0054BEBB /* Debug */ = {
			isa = XCBuildConfiguration;
			buildSettings = {
				ALWAYS_SEARCH_USER_PATHS = NO;
				CLANG_CXX_LANGUAGE_STANDARD = "gnu++0x";
				CLANG_CXX_LIBRARY = "libc++";
				CLANG_ENABLE_OBJC_ARC = YES;
				CLANG_WARN_CONSTANT_CONVERSION = YES;
				CLANG_WARN_EMPTY_BODY = YES;
				CLANG_WARN_ENUM_CONVERSION = YES;
				CLANG_WARN_INT_CONVERSION = YES;
				CLANG_WARN__DUPLICATE_METHOD_MATCH = YES;
				"CODE_SIGN_IDENTITY[sdk=iphoneos*]" = "iPhone Developer";
				COPY_PHASE_STRIP = NO;
				GCC_C_LANGUAGE_STANDARD = gnu99;
				GCC_DYNAMIC_NO_PIC = NO;
				GCC_OPTIMIZATION_LEVEL = 0;
				GCC_PREPROCESSOR_DEFINITIONS = (
					"DEBUG=1",
					"$(inherited)",
				);
				GCC_SYMBOLS_PRIVATE_EXTERN = NO;
				GCC_WARN_ABOUT_RETURN_TYPE = YES;
				GCC_WARN_UNINITIALIZED_AUTOS = YES;
				GCC_WARN_UNUSED_VARIABLE = YES;
				IPHONEOS_DEPLOYMENT_TARGET = 6.1;
				ONLY_ACTIVE_ARCH = YES;
				SDKROOT = iphoneos;
			};
			name = Debug;
		};
		50583E2717235C1D0054BEBB /* Release */ = {
			isa = XCBuildConfiguration;
			buildSettings = {
				ALWAYS_SEARCH_USER_PATHS = NO;
				CLANG_CXX_LANGUAGE_STANDARD = "gnu++0x";
				CLANG_CXX_LIBRARY = "libc++";
				CLANG_ENABLE_OBJC_ARC = YES;
				CLANG_WARN_CONSTANT_CONVERSION = YES;
				CLANG_WARN_EMPTY_BODY = YES;
				CLANG_WARN_ENUM_CONVERSION = YES;
				CLANG_WARN_INT_CONVERSION = YES;
				CLANG_WARN__DUPLICATE_METHOD_MATCH = YES;
				"CODE_SIGN_IDENTITY[sdk=iphoneos*]" = "iPhone Developer";
				COPY_PHASE_STRIP = YES;
				GCC_C_LANGUAGE_STANDARD = gnu99;
				GCC_WARN_ABOUT_RETURN_TYPE = YES;
				GCC_WARN_UNINITIALIZED_AUTOS = YES;
				GCC_WARN_UNUSED_VARIABLE = YES;
				IPHONEOS_DEPLOYMENT_TARGET = 6.1;
				OTHER_CFLAGS = "-DNS_BLOCK_ASSERTIONS=1";
				SDKROOT = iphoneos;
				VALIDATE_PRODUCT = YES;
			};
			name = Release;
		};
		50583E2917235C1D0054BEBB /* Debug */ = {
			isa = XCBuildConfiguration;
			buildSettings = {
				GCC_PRECOMPILE_PREFIX_HEADER = YES;
				GCC_PREFIX_HEADER = "HKRadialMenu/HKRadialMenu-Prefix.pch";
				HEADER_SEARCH_PATHS = "";
				INFOPLIST_FILE = "HKRadialMenu/HKRadialMenu-Info.plist";
				PRODUCT_NAME = "$(TARGET_NAME)";
				WRAPPER_EXTENSION = app;
			};
			name = Debug;
		};
		50583E2A17235C1D0054BEBB /* Release */ = {
			isa = XCBuildConfiguration;
			buildSettings = {
				GCC_PRECOMPILE_PREFIX_HEADER = YES;
				GCC_PREFIX_HEADER = "HKRadialMenu/HKRadialMenu-Prefix.pch";
				HEADER_SEARCH_PATHS = "";
				INFOPLIST_FILE = "HKRadialMenu/HKRadialMenu-Info.plist";
				PRODUCT_NAME = "$(TARGET_NAME)";
				WRAPPER_EXTENSION = app;
			};
			name = Release;
		};
/* End XCBuildConfiguration section */

/* Begin XCConfigurationList section */
		50583E0017235C1D0054BEBB /* Build configuration list for PBXProject "HKRadialMenu" */ = {
			isa = XCConfigurationList;
			buildConfigurations = (
				50583E2617235C1D0054BEBB /* Debug */,
				50583E2717235C1D0054BEBB /* Release */,
			);
			defaultConfigurationIsVisible = 0;
			defaultConfigurationName = Release;
		};
		50583E2817235C1D0054BEBB /* Build configuration list for PBXNativeTarget "HKRadialMenu" */ = {
			isa = XCConfigurationList;
			buildConfigurations = (
				50583E2917235C1D0054BEBB /* Debug */,
				50583E2A17235C1D0054BEBB /* Release */,
			);
			defaultConfigurationIsVisible = 0;
			defaultConfigurationName = Release;
		};
/* End XCConfigurationList section */
	};
	rootObject = 50583DFD17235C1D0054BEBB /* Project object */;
}
